// !$*UTF8*$!
{
	archiveVersion = 1;
	classes = {
	};
	objectVersion = 46;
	objects = {

/* Begin PBXBuildFile section */
		84097A2A1ED7F03900042B7E /* main.m in Sources */ = {isa = PBXBuildFile; fileRef = 84097A291ED7F03900042B7E /* main.m */; };
		84097A2D1ED7F03900042B7E /* AppDelegate.m in Sources */ = {isa = PBXBuildFile; fileRef = 84097A2C1ED7F03900042B7E /* AppDelegate.m */; };
		84097A301ED7F03A00042B7E /* ViewController.m in Sources */ = {isa = PBXBuildFile; fileRef = 84097A2F1ED7F03A00042B7E /* ViewController.m */; };
		84097A331ED7F03A00042B7E /* Main.storyboard in Resources */ = {isa = PBXBuildFile; fileRef = 84097A311ED7F03A00042B7E /* Main.storyboard */; };
		84097A351ED7F03A00042B7E /* Assets.xcassets in Resources */ = {isa = PBXBuildFile; fileRef = 84097A341ED7F03A00042B7E /* Assets.xcassets */; };
		84097A381ED7F03A00042B7E /* LaunchScreen.storyboard in Resources */ = {isa = PBXBuildFile; fileRef = 84097A361ED7F03A00042B7E /* LaunchScreen.storyboard */; };
		84097A421ED7F08E00042B7E /* JYSingleView.m in Sources */ = {isa = PBXBuildFile; fileRef = 84097A411ED7F08E00042B7E /* JYSingleView.m */; };
		B84D6B6635E0E51FB389CE6D /* Pods_JYSingleView.framework in Frameworks */ = {isa = PBXBuildFile; fileRef = 30905C01D6244AFE44F539CA /* Pods_JYSingleView.framework */; };
/* End PBXBuildFile section */

/* Begin PBXFileReference section */
		30905C01D6244AFE44F539CA /* Pods_JYSingleView.framework */ = {isa = PBXFileReference; explicitFileType = wrapper.framework; includeInIndex = 0; path = Pods_JYSingleView.framework; sourceTree = BUILT_PRODUCTS_DIR; };
		84097A251ED7F03900042B7E /* JYSingleView.app */ = {isa = PBXFileReference; explicitFileType = wrapper.application; includeInIndex = 0; path = JYSingleView.app; sourceTree = BUILT_PRODUCTS_DIR; };
		84097A291ED7F03900042B7E /* main.m */ = {isa = PBXFileReference; lastKnownFileType = sourcecode.c.objc; path = main.m; sourceTree = "<group>"; };
		84097A2B1ED7F03900042B7E /* AppDelegate.h */ = {isa = PBXFileReference; lastKnownFileType = sourcecode.c.h; path = AppDelegate.h; sourceTree = "<group>"; };
		84097A2C1ED7F03900042B7E /* AppDelegate.m */ = {isa = PBXFileReference; lastKnownFileType = sourcecode.c.objc; path = AppDelegate.m; sourceTree = "<group>"; };
		84097A2E1ED7F03900042B7E /* ViewController.h */ = {isa = PBXFileReference; lastKnownFileType = sourcecode.c.h; path = ViewController.h; sourceTree = "<group>"; };
		84097A2F1ED7F03A00042B7E /* ViewController.m */ = {isa = PBXFileReference; lastKnownFileType = sourcecode.c.objc; path = ViewController.m; sourceTree = "<group>"; };
		84097A321ED7F03A00042B7E /* Base */ = {isa = PBXFileReference; lastKnownFileType = file.storyboard; name = Base; path = Base.lproj/Main.storyboard; sourceTree = "<group>"; };
		84097A341ED7F03A00042B7E /* Assets.xcassets */ = {isa = PBXFileReference; lastKnownFileType = folder.assetcatalog; path = Assets.xcassets; sourceTree = "<group>"; };
		84097A371ED7F03A00042B7E /* Base */ = {isa = PBXFileReference; lastKnownFileType = file.storyboard; name = Base; path = Base.lproj/LaunchScreen.storyboard; sourceTree = "<group>"; };
		84097A391ED7F03A00042B7E /* Info.plist */ = {isa = PBXFileReference; lastKnownFileType = text.plist.xml; path = Info.plist; sourceTree = "<group>"; };
		84097A401ED7F08E00042B7E /* JYSingleView.h */ = {isa = PBXFileReference; fileEncoding = 4; lastKnownFileType = sourcecode.c.h; path = JYSingleView.h; sourceTree = "<group>"; };
		84097A411ED7F08E00042B7E /* JYSingleView.m */ = {isa = PBXFileReference; fileEncoding = 4; lastKnownFileType = sourcecode.c.objc; path = JYSingleView.m; sourceTree = "<group>"; };
		BAB76831F6786079A8BB4EE2 /* Pods-JYSingleView.debug.xcconfig */ = {isa = PBXFileReference; includeInIndex = 1; lastKnownFileType = text.xcconfig; name = "Pods-JYSingleView.debug.xcconfig"; path = "Pods/Target Support Files/Pods-JYSingleView/Pods-JYSingleView.debug.xcconfig"; sourceTree = "<group>"; };
		C33F0B459D0C575C10139FFB /* Pods-JYSingleView.release.xcconfig */ = {isa = PBXFileReference; includeInIndex = 1; lastKnownFileType = text.xcconfig; name = "Pods-JYSingleView.release.xcconfig"; path = "Pods/Target Support Files/Pods-JYSingleView/Pods-JYSingleView.release.xcconfig"; sourceTree = "<group>"; };
/* End PBXFileReference section */

/* Begin PBXFrameworksBuildPhase section */
		84097A221ED7F03900042B7E /* Frameworks */ = {
			isa = PBXFrameworksBuildPhase;
			buildActionMask = 2147483647;
			files = (
				B84D6B6635E0E51FB389CE6D /* Pods_JYSingleView.framework in Frameworks */,
			);
			runOnlyForDeploymentPostprocessing = 0;
		};
/* End PBXFrameworksBuildPhase section */

/* Begin PBXGroup section */
		84097A1C1ED7F03900042B7E = {
			isa = PBXGroup;
			children = (
				84097A271ED7F03900042B7E /* JYSingleView */,
				84097A261ED7F03900042B7E /* Products */,
				920F8F8274897F419FFD5F0D /* Pods */,
				C77419C5FE47FA300340A76E /* Frameworks */,
			);
			sourceTree = "<group>";
		};
		84097A261ED7F03900042B7E /* Products */ = {
			isa = PBXGroup;
			children = (
				84097A251ED7F03900042B7E /* JYSingleView.app */,
			);
			name = Products;
			sourceTree = "<group>";
		};
		84097A271ED7F03900042B7E /* JYSingleView */ = {
			isa = PBXGroup;
			children = (
				84097A3F1ED7F07800042B7E /* JYSingleView */,
				84097A2B1ED7F03900042B7E /* AppDelegate.h */,
				84097A2C1ED7F03900042B7E /* AppDelegate.m */,
				84097A2E1ED7F03900042B7E /* ViewController.h */,
				84097A2F1ED7F03A00042B7E /* ViewController.m */,
				84097A311ED7F03A00042B7E /* Main.storyboard */,
				84097A341ED7F03A00042B7E /* Assets.xcassets */,
				84097A361ED7F03A00042B7E /* LaunchScreen.storyboard */,
				84097A391ED7F03A00042B7E /* Info.plist */,
				84097A281ED7F03900042B7E /* Supporting Files */,
			);
			path = JYSingleView;
			sourceTree = "<group>";
		};
		84097A281ED7F03900042B7E /* Supporting Files */ = {
			isa = PBXGroup;
			children = (
				84097A291ED7F03900042B7E /* main.m */,
			);
			name = "Supporting Files";
			sourceTree = "<group>";
		};
		84097A3F1ED7F07800042B7E /* JYSingleView */ = {
			isa = PBXGroup;
			children = (
				84097A401ED7F08E00042B7E /* JYSingleView.h */,
				84097A411ED7F08E00042B7E /* JYSingleView.m */,
			);
			path = JYSingleView;
			sourceTree = "<group>";
		};
		920F8F8274897F419FFD5F0D /* Pods */ = {
			isa = PBXGroup;
			children = (
				BAB76831F6786079A8BB4EE2 /* Pods-JYSingleView.debug.xcconfig */,
				C33F0B459D0C575C10139FFB /* Pods-JYSingleView.release.xcconfig */,
			);
			name = Pods;
			sourceTree = "<group>";
		};
		C77419C5FE47FA300340A76E /* Frameworks */ = {
			isa = PBXGroup;
			children = (
				30905C01D6244AFE44F539CA /* Pods_JYSingleView.framework */,
			);
			name = Frameworks;
			sourceTree = "<group>";
		};
/* End PBXGroup section */

/* Begin PBXNativeTarget section */
		84097A241ED7F03900042B7E /* JYSingleView */ = {
			isa = PBXNativeTarget;
			buildConfigurationList = 84097A3C1ED7F03A00042B7E /* Build configuration list for PBXNativeTarget "JYSingleView" */;
			buildPhases = (
				23D64D1B104921165D30C81A /* [CP] Check Pods Manifest.lock */,
				84097A211ED7F03900042B7E /* Sources */,
				84097A221ED7F03900042B7E /* Frameworks */,
				84097A231ED7F03900042B7E /* Resources */,
				207452CE643C5ECE192A3172 /* [CP] Embed Pods Frameworks */,
				37B98213A98EFF431E25C431 /* [CP] Copy Pods Resources */,
			);
			buildRules = (
			);
			dependencies = (
			);
			name = JYSingleView;
			productName = JYSingleView;
			productReference = 84097A251ED7F03900042B7E /* JYSingleView.app */;
			productType = "com.apple.product-type.application";
		};
/* End PBXNativeTarget section */

/* Begin PBXProject section */
		84097A1D1ED7F03900042B7E /* Project object */ = {
			isa = PBXProject;
			attributes = {
				LastUpgradeCheck = 0830;
				ORGANIZATIONNAME = juyuanGroup;
				TargetAttributes = {
					84097A241ED7F03900042B7E = {
						CreatedOnToolsVersion = 8.3.2;
						DevelopmentTeam = GWCP73NNJ9;
						ProvisioningStyle = Automatic;
					};
				};
			};
			buildConfigurationList = 84097A201ED7F03900042B7E /* Build configuration list for PBXProject "JYSingleView" */;
			compatibilityVersion = "Xcode 3.2";
			developmentRegion = English;
			hasScannedForEncodings = 0;
			knownRegions = (
				en,
				Base,
			);
			mainGroup = 84097A1C1ED7F03900042B7E;
			productRefGroup = 84097A261ED7F03900042B7E /* Products */;
			projectDirPath = "";
			projectRoot = "";
			targets = (
				84097A241ED7F03900042B7E /* JYSingleView */,
			);
		};
/* End PBXProject section */

/* Begin PBXResourcesBuildPhase section */
		84097A231ED7F03900042B7E /* Resources */ = {
			isa = PBXResourcesBuildPhase;
			buildActionMask = 2147483647;
			files = (
				84097A381ED7F03A00042B7E /* LaunchScreen.storyboard in Resources */,
				84097A351ED7F03A00042B7E /* Assets.xcassets in Resources */,
				84097A331ED7F03A00042B7E /* Main.storyboard in Resources */,
			);
			runOnlyForDeploymentPostprocessing = 0;
		};
/* End PBXResourcesBuildPhase section */

/* Begin PBXShellScriptBuildPhase section */
		207452CE643C5ECE192A3172 /* [CP] Embed Pods Frameworks */ = {
			isa = PBXShellScriptBuildPhase;
			buildActionMask = 2147483647;
			files = (
			);
			inputPaths = (
			);
			name = "[CP] Embed Pods Frameworks";
			outputPaths = (
			);
			runOnlyForDeploymentPostprocessing = 0;
			shellPath = /bin/sh;
			shellScript = "\"${SRCROOT}/Pods/Target Support Files/Pods-JYSingleView/Pods-JYSingleView-frameworks.sh\"\n";
			showEnvVarsInLog = 0;
		};
		23D64D1B104921165D30C81A /* [CP] Check Pods Manifest.lock */ = {
			isa = PBXShellScriptBuildPhase;
			buildActionMask = 2147483647;
			files = (
			);
			inputPaths = (
			);
			name = "[CP] Check Pods Manifest.lock";
			outputPaths = (
			);
			runOnlyForDeploymentPostprocessing = 0;
			shellPath = /bin/sh;
			shellScript = "diff \"${PODS_ROOT}/../Podfile.lock\" \"${PODS_ROOT}/Manifest.lock\" > /dev/null\nif [ $? != 0 ] ; then\n    # print error to STDERR\n    echo \"error: The sandbox is not in sync with the Podfile.lock. Run 'pod install' or update your CocoaPods installation.\" >&2\n    exit 1\nfi\n";
			showEnvVarsInLog = 0;
		};
		37B98213A98EFF431E25C431 /* [CP] Copy Pods Resources */ = {
			isa = PBXShellScriptBuildPhase;
			buildActionMask = 2147483647;
			files = (
			);
			inputPaths = (
			);
			name = "[CP] Copy Pods Resources";
			outputPaths = (
			);
			runOnlyForDeploymentPostprocessing = 0;
			shellPath = /bin/sh;
			shellScript = "\"${SRCROOT}/Pods/Target Support Files/Pods-JYSingleView/Pods-JYSingleView-resources.sh\"\n";
			showEnvVarsInLog = 0;
		};
/* End PBXShellScriptBuildPhase section */

/* Begin PBXSourcesBuildPhase section */
		84097A211ED7F03900042B7E /* Sources */ = {
			isa = PBXSourcesBuildPhase;
			buildActionMask = 2147483647;
			files = (
				84097A301ED7F03A00042B7E /* ViewController.m in Sources */,
				84097A421ED7F08E00042B7E /* JYSingleView.m in Sources */,
				84097A2D1ED7F03900042B7E /* AppDelegate.m in Sources */,
				84097A2A1ED7F03900042B7E /* main.m in Sources */,
			);
			runOnlyForDeploymentPostprocessing = 0;
		};
/* End PBXSourcesBuildPhase section */

/* Begin PBXVariantGroup section */
		84097A311ED7F03A00042B7E /* Main.storyboard */ = {
			isa = PBXVariantGroup;
			children = (
				84097A321ED7F03A00042B7E /* Base */,
			);
			name = Main.storyboard;
			sourceTree = "<group>";
		};
		84097A361ED7F03A00042B7E /* LaunchScreen.storyboard */ = {
			isa = PBXVariantGroup;
			children = (
				84097A371ED7F03A00042B7E /* Base */,
			);
			name = LaunchScreen.storyboard;
			sourceTree = "<group>";
		};
/* End PBXVariantGroup section */

/* Begin XCBuildConfiguration section */
		84097A3A1ED7F03A00042B7E /* Debug */ = {
			isa = XCBuildConfiguration;
			buildSettings = {
				ALWAYS_SEARCH_USER_PATHS = NO;
				CLANG_ANALYZER_NONNULL = YES;
				CLANG_ANALYZER_NUMBER_OBJECT_CONVERSION = YES_AGGRESSIVE;
				CLANG_CXX_LANGUAGE_STANDARD = "gnu++0x";
				CLANG_CXX_LIBRARY = "libc++";
				CLANG_ENABLE_MODULES = YES;
				CLANG_ENABLE_OBJC_ARC = YES;
				CLANG_WARN_BOOL_CONVERSION = YES;
				CLANG_WARN_CONSTANT_CONVERSION = YES;
				CLANG_WARN_DIRECT_OBJC_ISA_USAGE = YES_ERROR;
				CLANG_WARN_DOCUMENTATION_COMMENTS = YES;
				CLANG_WARN_EMPTY_BODY = YES;
				CLANG_WARN_ENUM_CONVERSION = YES;
				CLANG_WARN_INFINITE_RECURSION = YES;
				CLANG_WARN_INT_CONVERSION = YES;
				CLANG_WARN_OBJC_ROOT_CLASS = YES_ERROR;
				CLANG_WARN_SUSPICIOUS_MOVE = YES;
				CLANG_WARN_UNREACHABLE_CODE = YES;
				CLANG_WARN__DUPLICATE_METHOD_MATCH = YES;
				"CODE_SIGN_IDENTITY[sdk=iphoneos*]" = "iPhone Developer";
				COPY_PHASE_STRIP = NO;
				DEBUG_INFORMATION_FORMAT = dwarf;
				ENABLE_STRICT_OBJC_MSGSEND = YES;
				ENABLE_TESTABILITY = YES;
				GCC_C_LANGUAGE_STANDARD = gnu99;
				GCC_DYNAMIC_NO_PIC = NO;
				GCC_NO_COMMON_BLOCKS = YES;
				GCC_OPTIMIZATION_LEVEL = 0;
				GCC_PREPROCESSOR_DEFINITIONS = (
					"DEBUG=1",
					"$(inherited)",
				);
				GCC_WARN_64_TO_32_BIT_CONVERSION = YES;
				GCC_WARN_ABOUT_RETURN_TYPE = YES_ERROR;
				GCC_WARN_UNDECLARED_SELECTOR = YES;
				GCC_WARN_UNINITIALIZED_AUTOS = YES_AGGRESSIVE;
				GCC_WARN_UNUSED_FUNCTION = YES;
				GCC_WARN_UNUSED_VARIABLE = YES;
				IPHONEOS_DEPLOYMENT_TARGET = 10.3;
				MTL_ENABLE_DEBUG_INFO = YES;
				ONLY_ACTIVE_ARCH = YES;
				SDKROOT = iphoneos;
				TARGETED_DEVICE_FAMILY = "1,2";
			};
			name = Debug;
		};
		84097A3B1ED7F03A00042B7E /* Release */ = {
			isa = XCBuildConfiguration;
			buildSettings = {
				ALWAYS_SEARCH_USER_PATHS = NO;
				CLANG_ANALYZER_NONNULL = YES;
				CLANG_ANALYZER_NUMBER_OBJECT_CONVERSION = YES_AGGRESSIVE;
				CLANG_CXX_LANGUAGE_STANDARD = "gnu++0x";
				CLANG_CXX_LIBRARY = "libc++";
				CLANG_ENABLE_MODULES = YES;
				CLANG_ENABLE_OBJC_ARC = YES;
				CLANG_WARN_BOOL_CONVERSION = YES;
				CLANG_WARN_CONSTANT_CONVERSION = YES;
				CLANG_WARN_DIRECT_OBJC_ISA_USAGE = YES_ERROR;
				CLANG_WARN_DOCUMENTATION_COMMENTS = YES;
				CLANG_WARN_EMPTY_BODY = YES;
				CLANG_WARN_ENUM_CONVERSION = YES;
				CLANG_WARN_INFINITE_RECURSION = YES;
				CLANG_WARN_INT_CONVERSION = YES;
				CLANG_WARN_OBJC_ROOT_CLASS = YES_ERROR;
				CLANG_WARN_SUSPICIOUS_MOVE = YES;
				CLANG_WARN_UNREACHABLE_CODE = YES;
				CLANG_WARN__DUPLICATE_METHOD_MATCH = YES;
				"CODE_SIGN_IDENTITY[sdk=iphoneos*]" = "iPhone Developer";
				COPY_PHASE_STRIP = NO;
				DEBUG_INFORMATION_FORMAT = "dwarf-with-dsym";
				ENABLE_NS_ASSERTIONS = NO;
				ENABLE_STRICT_OBJC_MSGSEND = YES;
				GCC_C_LANGUAGE_STANDARD = gnu99;
				GCC_NO_COMMON_BLOCKS = YES;
				GCC_WARN_64_TO_32_BIT_CONVERSION = YES;
				GCC_WARN_ABOUT_RETURN_TYPE = YES_ERROR;
				GCC_WARN_UNDECLARED_SELECTOR = YES;
				GCC_WARN_UNINITIALIZED_AUTOS = YES_AGGRESSIVE;
				GCC_WARN_UNUSED_FUNCTION = YES;
				GCC_WARN_UNUSED_VARIABLE = YES;
				IPHONEOS_DEPLOYMENT_TARGET = 10.3;
				MTL_ENABLE_DEBUG_INFO = NO;
				SDKROOT = iphoneos;
				TARGETED_DEVICE_FAMILY = "1,2";
				VALIDATE_PRODUCT = YES;
			};
			name = Release;
		};
		84097A3D1ED7F03A00042B7E /* Debug */ = {
			isa = XCBuildConfiguration;
			baseConfigurationReference = BAB76831F6786079A8BB4EE2 /* Pods-JYSingleView.debug.xcconfig */;
			buildSettings = {
				ASSETCATALOG_COMPILER_APPICON_NAME = AppIcon;
				DEVELOPMENT_TEAM = GWCP73NNJ9;
				INFOPLIST_FILE = JYSingleView/Info.plist;
				LD_RUNPATH_SEARCH_PATHS = "$(inherited) @executable_path/Frameworks";
				PRODUCT_BUNDLE_IDENTIFIER = com.juyuangGroup.JYSingleView;
				PRODUCT_NAME = "$(TARGET_NAME)";
			};
			name = Debug;
		};
		84097A3E1ED7F03A00042B7E /* Release */ = {
			isa = XCBuildConfiguration;
			baseConfigurationReference = C33F0B459D0C575C10139FFB /* Pods-JYSingleView.release.xcconfig */;
			buildSettings = {
				ASSETCATALOG_COMPILER_APPICON_NAME = AppIcon;
				DEVELOPMENT_TEAM = GWCP73NNJ9;
				INFOPLIST_FILE = JYSingleView/Info.plist;
				LD_RUNPATH_SEARCH_PATHS = "$(inherited) @executable_path/Frameworks";
				PRODUCT_BUNDLE_IDENTIFIER = com.juyuangGroup.JYSingleView;
				PRODUCT_NAME = "$(TARGET_NAME)";
			};
			name = Release;
		};
/* End XCBuildConfiguration section */

/* Begin XCConfigurationList section */
		84097A201ED7F03900042B7E /* Build configuration list for PBXProject "JYSingleView" */ = {
			isa = XCConfigurationList;
			buildConfigurations = (
				84097A3A1ED7F03A00042B7E /* Debug */,
				84097A3B1ED7F03A00042B7E /* Release */,
			);
			defaultConfigurationIsVisible = 0;
			defaultConfigurationName = Release;
		};
		84097A3C1ED7F03A00042B7E /* Build configuration list for PBXNativeTarget "JYSingleView" */ = {
			isa = XCConfigurationList;
			buildConfigurations = (
				84097A3D1ED7F03A00042B7E /* Debug */,
				84097A3E1ED7F03A00042B7E /* Release */,
			);
			defaultConfigurationIsVisible = 0;
		};
/* End XCConfigurationList section */
	};
	rootObject = 84097A1D1ED7F03900042B7E /* Project object */;
}
